// !$*UTF8*$!
{
	archiveVersion = 1;
	classes = {
	};
	objectVersion = 46;
	objects = {

/* Begin PBXBuildFile section */
		216A3CF218BFB4E700B3881F /* Foundation.framework in Frameworks */ = {isa = PBXBuildFile; fileRef = 216A3CF118BFB4E700B3881F /* Foundation.framework */; };
		216A3CF418BFB4E700B3881F /* CoreGraphics.framework in Frameworks */ = {isa = PBXBuildFile; fileRef = 216A3CF318BFB4E700B3881F /* CoreGraphics.framework */; };
		216A3CF618BFB4E700B3881F /* UIKit.framework in Frameworks */ = {isa = PBXBuildFile; fileRef = 216A3CF518BFB4E700B3881F /* UIKit.framework */; };
		216A3CF818BFB4E700B3881F /* CoreData.framework in Frameworks */ = {isa = PBXBuildFile; fileRef = 216A3CF718BFB4E700B3881F /* CoreData.framework */; };
		216A3CFE18BFB4E700B3881F /* InfoPlist.strings in Resources */ = {isa = PBXBuildFile; fileRef = 216A3CFC18BFB4E700B3881F /* InfoPlist.strings */; };
		216A3D0018BFB4E800B3881F /* main.m in Sources */ = {isa = PBXBuildFile; fileRef = 216A3CFF18BFB4E700B3881F /* main.m */; };
		216A3D0418BFB4E800B3881F /* AppDelegate.m in Sources */ = {isa = PBXBuildFile; fileRef = 216A3D0318BFB4E800B3881F /* AppDelegate.m */; };
		216A3D0718BFB4E800B3881F /* Main_iPhone.storyboard in Resources */ = {isa = PBXBuildFile; fileRef = 216A3D0518BFB4E800B3881F /* Main_iPhone.storyboard */; };
		216A3D0A18BFB4E800B3881F /* Main_iPad.storyboard in Resources */ = {isa = PBXBuildFile; fileRef = 216A3D0818BFB4E800B3881F /* Main_iPad.storyboard */; };
		216A3D0D18BFB4E800B3881F /* Projeto_Semana_01.xcdatamodeld in Sources */ = {isa = PBXBuildFile; fileRef = 216A3D0B18BFB4E800B3881F /* Projeto_Semana_01.xcdatamodeld */; };
		216A3D1018BFB4E800B3881F /* MasterViewController.m in Sources */ = {isa = PBXBuildFile; fileRef = 216A3D0F18BFB4E800B3881F /* MasterViewController.m */; };
		216A3D1318BFB4E800B3881F /* DetailViewController.m in Sources */ = {isa = PBXBuildFile; fileRef = 216A3D1218BFB4E800B3881F /* DetailViewController.m */; };
		216A3D1518BFB4E800B3881F /* Images.xcassets in Resources */ = {isa = PBXBuildFile; fileRef = 216A3D1418BFB4E800B3881F /* Images.xcassets */; };
		216A3D1C18BFB4E800B3881F /* XCTest.framework in Frameworks */ = {isa = PBXBuildFile; fileRef = 216A3D1B18BFB4E800B3881F /* XCTest.framework */; };
		216A3D1D18BFB4E800B3881F /* Foundation.framework in Frameworks */ = {isa = PBXBuildFile; fileRef = 216A3CF118BFB4E700B3881F /* Foundation.framework */; };
		216A3D1E18BFB4E800B3881F /* UIKit.framework in Frameworks */ = {isa = PBXBuildFile; fileRef = 216A3CF518BFB4E700B3881F /* UIKit.framework */; };
		216A3D1F18BFB4E800B3881F /* CoreData.framework in Frameworks */ = {isa = PBXBuildFile; fileRef = 216A3CF718BFB4E700B3881F /* CoreData.framework */; };
		216A3D2718BFB4E800B3881F /* InfoPlist.strings in Resources */ = {isa = PBXBuildFile; fileRef = 216A3D2518BFB4E800B3881F /* InfoPlist.strings */; };
		216A3D2918BFB4E800B3881F /* Projeto_Semana_01Tests.m in Sources */ = {isa = PBXBuildFile; fileRef = 216A3D2818BFB4E800B3881F /* Projeto_Semana_01Tests.m */; };
/* End PBXBuildFile section */

/* Begin PBXContainerItemProxy section */
		216A3D2018BFB4E800B3881F /* PBXContainerItemProxy */ = {
			isa = PBXContainerItemProxy;
			containerPortal = 216A3CE618BFB4E700B3881F /* Project object */;
			proxyType = 1;
			remoteGlobalIDString = 216A3CED18BFB4E700B3881F;
			remoteInfo = "Projeto Semana 01";
		};
/* End PBXContainerItemProxy section */

/* Begin PBXFileReference section */
		216A3CEE18BFB4E700B3881F /* Projeto Semana 01.app */ = {isa = PBXFileReference; explicitFileType = wrapper.application; includeInIndex = 0; path = "Projeto Semana 01.app"; sourceTree = BUILT_PRODUCTS_DIR; };
		216A3CF118BFB4E700B3881F /* Foundation.framework */ = {isa = PBXFileReference; lastKnownFileType = wrapper.framework; name = Foundation.framework; path = System/Library/Frameworks/Foundation.framework; sourceTree = SDKROOT; };
		216A3CF318BFB4E700B3881F /* CoreGraphics.framework */ = {isa = PBXFileReference; lastKnownFileType = wrapper.framework; name = CoreGraphics.framework; path = System/Library/Frameworks/CoreGraphics.framework; sourceTree = SDKROOT; };
		216A3CF518BFB4E700B3881F /* UIKit.framework */ = {isa = PBXFileReference; lastKnownFileType = wrapper.framework; name = UIKit.framework; path = System/Library/Frameworks/UIKit.framework; sourceTree = SDKROOT; };
		216A3CF718BFB4E700B3881F /* CoreData.framework */ = {isa = PBXFileReference; lastKnownFileType = wrapper.framework; name = CoreData.framework; path = System/Library/Frameworks/CoreData.framework; sourceTree = SDKROOT; };
		216A3CFB18BFB4E700B3881F /* Projeto Semana 01-Info.plist */ = {isa = PBXFileReference; lastKnownFileType = text.plist.xml; path = "Projeto Semana 01-Info.plist"; sourceTree = "<group>"; };
		216A3CFD18BFB4E700B3881F /* en */ = {isa = PBXFileReference; lastKnownFileType = text.plist.strings; name = en; path = en.lproj/InfoPlist.strings; sourceTree = "<group>"; };
		216A3CFF18BFB4E700B3881F /* main.m */ = {isa = PBXFileReference; lastKnownFileType = sourcecode.c.objc; path = main.m; sourceTree = "<group>"; };
		216A3D0118BFB4E800B3881F /* Projeto Semana 01-Prefix.pch */ = {isa = PBXFileReference; lastKnownFileType = sourcecode.c.h; path = "Projeto Semana 01-Prefix.pch"; sourceTree = "<group>"; };
		216A3D0218BFB4E800B3881F /* AppDelegate.h */ = {isa = PBXFileReference; lastKnownFileType = sourcecode.c.h; path = AppDelegate.h; sourceTree = "<group>"; };
		216A3D0318BFB4E800B3881F /* AppDelegate.m */ = {isa = PBXFileReference; lastKnownFileType = sourcecode.c.objc; path = AppDelegate.m; sourceTree = "<group>"; };
		216A3D0618BFB4E800B3881F /* Base */ = {isa = PBXFileReference; lastKnownFileType = file.storyboard; name = Base; path = Base.lproj/Main_iPhone.storyboard; sourceTree = "<group>"; };
		216A3D0918BFB4E800B3881F /* Base */ = {isa = PBXFileReference; lastKnownFileType = file.storyboard; name = Base; path = Base.lproj/Main_iPad.storyboard; sourceTree = "<group>"; };
		216A3D0C18BFB4E800B3881F /* Projeto_Semana_01.xcdatamodel */ = {isa = PBXFileReference; lastKnownFileType = wrapper.xcdatamodel; path = Projeto_Semana_01.xcdatamodel; sourceTree = "<group>"; };
		216A3D0E18BFB4E800B3881F /* MasterViewController.h */ = {isa = PBXFileReference; lastKnownFileType = sourcecode.c.h; path = MasterViewController.h; sourceTree = "<group>"; };
		216A3D0F18BFB4E800B3881F /* MasterViewController.m */ = {isa = PBXFileReference; lastKnownFileType = sourcecode.c.objc; path = MasterViewController.m; sourceTree = "<group>"; };
		216A3D1118BFB4E800B3881F /* DetailViewController.h */ = {isa = PBXFileReference; lastKnownFileType = sourcecode.c.h; path = DetailViewController.h; sourceTree = "<group>"; };
		216A3D1218BFB4E800B3881F /* DetailViewController.m */ = {isa = PBXFileReference; lastKnownFileType = sourcecode.c.objc; path = DetailViewController.m; sourceTree = "<group>"; };
		216A3D1418BFB4E800B3881F /* Images.xcassets */ = {isa = PBXFileReference; lastKnownFileType = folder.assetcatalog; path = Images.xcassets; sourceTree = "<group>"; };
		216A3D1A18BFB4E800B3881F /* Projeto Semana 01Tests.xctest */ = {isa = PBXFileReference; explicitFileType = wrapper.cfbundle; includeInIndex = 0; path = "Projeto Semana 01Tests.xctest"; sourceTree = BUILT_PRODUCTS_DIR; };
		216A3D1B18BFB4E800B3881F /* XCTest.framework */ = {isa = PBXFileReference; lastKnownFileType = wrapper.framework; name = XCTest.framework; path = Library/Frameworks/XCTest.framework; sourceTree = DEVELOPER_DIR; };
		216A3D2418BFB4E800B3881F /* Projeto Semana 01Tests-Info.plist */ = {isa = PBXFileReference; lastKnownFileType = text.plist.xml; path = "Projeto Semana 01Tests-Info.plist"; sourceTree = "<group>"; };
		216A3D2618BFB4E800B3881F /* en */ = {isa = PBXFileReference; lastKnownFileType = text.plist.strings; name = en; path = en.lproj/InfoPlist.strings; sourceTree = "<group>"; };
		216A3D2818BFB4E800B3881F /* Projeto_Semana_01Tests.m */ = {isa = PBXFileReference; lastKnownFileType = sourcecode.c.objc; path = Projeto_Semana_01Tests.m; sourceTree = "<group>"; };
/* End PBXFileReference section */

/* Begin PBXFrameworksBuildPhase section */
		216A3CEB18BFB4E700B3881F /* Frameworks */ = {
			isa = PBXFrameworksBuildPhase;
			buildActionMask = 2147483647;
			files = (
				216A3CF418BFB4E700B3881F /* CoreGraphics.framework in Frameworks */,
				216A3CF818BFB4E700B3881F /* CoreData.framework in Frameworks */,
				216A3CF618BFB4E700B3881F /* UIKit.framework in Frameworks */,
				216A3CF218BFB4E700B3881F /* Foundation.framework in Frameworks */,
			);
			runOnlyForDeploymentPostprocessing = 0;
		};
		216A3D1718BFB4E800B3881F /* Frameworks */ = {
			isa = PBXFrameworksBuildPhase;
			buildActionMask = 2147483647;
			files = (
				216A3D1C18BFB4E800B3881F /* XCTest.framework in Frameworks */,
				216A3D1F18BFB4E800B3881F /* CoreData.framework in Frameworks */,
				216A3D1E18BFB4E800B3881F /* UIKit.framework in Frameworks */,
				216A3D1D18BFB4E800B3881F /* Foundation.framework in Frameworks */,
			);
			runOnlyForDeploymentPostprocessing = 0;
		};
/* End PBXFrameworksBuildPhase section */

/* Begin PBXGroup section */
		216A3CE518BFB4E700B3881F = {
			isa = PBXGroup;
			children = (
				216A3CF918BFB4E700B3881F /* Projeto Semana 01 */,
				216A3D2218BFB4E800B3881F /* Projeto Semana 01Tests */,
				216A3CF018BFB4E700B3881F /* Frameworks */,
				216A3CEF18BFB4E700B3881F /* Products */,
			);
			sourceTree = "<group>";
		};
		216A3CEF18BFB4E700B3881F /* Products */ = {
			isa = PBXGroup;
			children = (
				216A3CEE18BFB4E700B3881F /* Projeto Semana 01.app */,
				216A3D1A18BFB4E800B3881F /* Projeto Semana 01Tests.xctest */,
			);
			name = Products;
			sourceTree = "<group>";
		};
		216A3CF018BFB4E700B3881F /* Frameworks */ = {
			isa = PBXGroup;
			children = (
				216A3CF118BFB4E700B3881F /* Foundation.framework */,
				216A3CF318BFB4E700B3881F /* CoreGraphics.framework */,
				216A3CF518BFB4E700B3881F /* UIKit.framework */,
				216A3CF718BFB4E700B3881F /* CoreData.framework */,
				216A3D1B18BFB4E800B3881F /* XCTest.framework */,
			);
			name = Frameworks;
			sourceTree = "<group>";
		};
		216A3CF918BFB4E700B3881F /* Projeto Semana 01 */ = {
			isa = PBXGroup;
			children = (
				216A3D0218BFB4E800B3881F /* AppDelegate.h */,
				216A3D0318BFB4E800B3881F /* AppDelegate.m */,
				216A3D0518BFB4E800B3881F /* Main_iPhone.storyboard */,
				216A3D0818BFB4E800B3881F /* Main_iPad.storyboard */,
				216A3D0E18BFB4E800B3881F /* MasterViewController.h */,
				216A3D0F18BFB4E800B3881F /* MasterViewController.m */,
				216A3D1118BFB4E800B3881F /* DetailViewController.h */,
				216A3D1218BFB4E800B3881F /* DetailViewController.m */,
				216A3D1418BFB4E800B3881F /* Images.xcassets */,
				216A3D0B18BFB4E800B3881F /* Projeto_Semana_01.xcdatamodeld */,
				216A3CFA18BFB4E700B3881F /* Supporting Files */,
			);
			path = "Projeto Semana 01";
			sourceTree = "<group>";
		};
		216A3CFA18BFB4E700B3881F /* Supporting Files */ = {
			isa = PBXGroup;
			children = (
				216A3CFB18BFB4E700B3881F /* Projeto Semana 01-Info.plist */,
				216A3CFC18BFB4E700B3881F /* InfoPlist.strings */,
				216A3CFF18BFB4E700B3881F /* main.m */,
				216A3D0118BFB4E800B3881F /* Projeto Semana 01-Prefix.pch */,
			);
			name = "Supporting Files";
			sourceTree = "<group>";
		};
		216A3D2218BFB4E800B3881F /* Projeto Semana 01Tests */ = {
			isa = PBXGroup;
			children = (
				216A3D2818BFB4E800B3881F /* Projeto_Semana_01Tests.m */,
				216A3D2318BFB4E800B3881F /* Supporting Files */,
			);
			path = "Projeto Semana 01Tests";
			sourceTree = "<group>";
		};
		216A3D2318BFB4E800B3881F /* Supporting Files */ = {
			isa = PBXGroup;
			children = (
				216A3D2418BFB4E800B3881F /* Projeto Semana 01Tests-Info.plist */,
				216A3D2518BFB4E800B3881F /* InfoPlist.strings */,
			);
			name = "Supporting Files";
			sourceTree = "<group>";
		};
/* End PBXGroup section */

/* Begin PBXNativeTarget section */
		216A3CED18BFB4E700B3881F /* Projeto Semana 01 */ = {
			isa = PBXNativeTarget;
			buildConfigurationList = 216A3D2C18BFB4E800B3881F /* Build configuration list for PBXNativeTarget "Projeto Semana 01" */;
			buildPhases = (
				216A3CEA18BFB4E700B3881F /* Sources */,
				216A3CEB18BFB4E700B3881F /* Frameworks */,
				216A3CEC18BFB4E700B3881F /* Resources */,
			);
			buildRules = (
			);
			dependencies = (
			);
			name = "Projeto Semana 01";
			productName = "Projeto Semana 01";
			productReference = 216A3CEE18BFB4E700B3881F /* Projeto Semana 01.app */;
			productType = "com.apple.product-type.application";
		};
		216A3D1918BFB4E800B3881F /* Projeto Semana 01Tests */ = {
			isa = PBXNativeTarget;
			buildConfigurationList = 216A3D2F18BFB4E800B3881F /* Build configuration list for PBXNativeTarget "Projeto Semana 01Tests" */;
			buildPhases = (
				216A3D1618BFB4E800B3881F /* Sources */,
				216A3D1718BFB4E800B3881F /* Frameworks */,
				216A3D1818BFB4E800B3881F /* Resources */,
			);
			buildRules = (
			);
			dependencies = (
				216A3D2118BFB4E800B3881F /* PBXTargetDependency */,
			);
			name = "Projeto Semana 01Tests";
			productName = "Projeto Semana 01Tests";
			productReference = 216A3D1A18BFB4E800B3881F /* Projeto Semana 01Tests.xctest */;
			productType = "com.apple.product-type.bundle.unit-test";
		};
/* End PBXNativeTarget section */

/* Begin PBXProject section */
		216A3CE618BFB4E700B3881F /* Project object */ = {
			isa = PBXProject;
			attributes = {
				LastUpgradeCheck = 0500;
				ORGANIZATIONNAME = "Arthur Henrique Vieira de Oliveira";
				TargetAttributes = {
					216A3D1918BFB4E800B3881F = {
						TestTargetID = 216A3CED18BFB4E700B3881F;
					};
				};
			};
			buildConfigurationList = 216A3CE918BFB4E700B3881F /* Build configuration list for PBXProject "Projeto Semana 01" */;
			compatibilityVersion = "Xcode 3.2";
			developmentRegion = English;
			hasScannedForEncodings = 0;
			knownRegions = (
				en,
				Base,
			);
			mainGroup = 216A3CE518BFB4E700B3881F;
			productRefGroup = 216A3CEF18BFB4E700B3881F /* Products */;
			projectDirPath = "";
			projectRoot = "";
			targets = (
				216A3CED18BFB4E700B3881F /* Projeto Semana 01 */,
				216A3D1918BFB4E800B3881F /* Projeto Semana 01Tests */,
			);
		};
/* End PBXProject section */

/* Begin PBXResourcesBuildPhase section */
		216A3CEC18BFB4E700B3881F /* Resources */ = {
			isa = PBXResourcesBuildPhase;
			buildActionMask = 2147483647;
			files = (
				216A3D0A18BFB4E800B3881F /* Main_iPad.storyboard in Resources */,
				216A3D1518BFB4E800B3881F /* Images.xcassets in Resources */,
				216A3D0718BFB4E800B3881F /* Main_iPhone.storyboard in Resources */,
				216A3CFE18BFB4E700B3881F /* InfoPlist.strings in Resources */,
			);
			runOnlyForDeploymentPostprocessing = 0;
		};
		216A3D1818BFB4E800B3881F /* Resources */ = {
			isa = PBXResourcesBuildPhase;
			buildActionMask = 2147483647;
			files = (
				216A3D2718BFB4E800B3881F /* InfoPlist.strings in Resources */,
			);
			runOnlyForDeploymentPostprocessing = 0;
		};
/* End PBXResourcesBuildPhase section */

/* Begin PBXSourcesBuildPhase section */
		216A3CEA18BFB4E700B3881F /* Sources */ = {
			isa = PBXSourcesBuildPhase;
			buildActionMask = 2147483647;
			files = (
				216A3D1318BFB4E800B3881F /* DetailViewController.m in Sources */,
				216A3D1018BFB4E800B3881F /* MasterViewController.m in Sources */,
				216A3D0418BFB4E800B3881F /* AppDelegate.m in Sources */,
				216A3D0018BFB4E800B3881F /* main.m in Sources */,
				216A3D0D18BFB4E800B3881F /* Projeto_Semana_01.xcdatamodeld in Sources */,
			);
			runOnlyForDeploymentPostprocessing = 0;
		};
		216A3D1618BFB4E800B3881F /* Sources */ = {
			isa = PBXSourcesBuildPhase;
			buildActionMask = 2147483647;
			files = (
				216A3D2918BFB4E800B3881F /* Projeto_Semana_01Tests.m in Sources */,
			);
			runOnlyForDeploymentPostprocessing = 0;
		};
/* End PBXSourcesBuildPhase section */

/* Begin PBXTargetDependency section */
		216A3D2118BFB4E800B3881F /* PBXTargetDependency */ = {
			isa = PBXTargetDependency;
			target = 216A3CED18BFB4E700B3881F /* Projeto Semana 01 */;
			targetProxy = 216A3D2018BFB4E800B3881F /* PBXContainerItemProxy */;
		};
/* End PBXTargetDependency section */

/* Begin PBXVariantGroup section */
		216A3CFC18BFB4E700B3881F /* InfoPlist.strings */ = {
			isa = PBXVariantGroup;
			children = (
				216A3CFD18BFB4E700B3881F /* en */,
			);
			name = InfoPlist.strings;
			sourceTree = "<group>";
		};
		216A3D0518BFB4E800B3881F /* Main_iPhone.storyboard */ = {
			isa = PBXVariantGroup;
			children = (
				216A3D0618BFB4E800B3881F /* Base */,
			);
			name = Main_iPhone.storyboard;
			sourceTree = "<group>";
		};
		216A3D0818BFB4E800B3881F /* Main_iPad.storyboard */ = {
			isa = PBXVariantGroup;
			children = (
				216A3D0918BFB4E800B3881F /* Base */,
			);
			name = Main_iPad.storyboard;
			sourceTree = "<group>";
		};
		216A3D2518BFB4E800B3881F /* InfoPlist.strings */ = {
			isa = PBXVariantGroup;
			children = (
				216A3D2618BFB4E800B3881F /* en */,
			);
			name = InfoPlist.strings;
			sourceTree = "<group>";
		};
/* End PBXVariantGroup section */

/* Begin XCBuildConfiguration section */
		216A3D2A18BFB4E800B3881F /* Debug */ = {
			isa = XCBuildConfiguration;
			buildSettings = {
				ALWAYS_SEARCH_USER_PATHS = NO;
				ARCHS = "$(ARCHS_STANDARD_INCLUDING_64_BIT)";
				CLANG_CXX_LANGUAGE_STANDARD = "gnu++0x";
				CLANG_CXX_LIBRARY = "libc++";
				CLANG_ENABLE_MODULES = YES;
				CLANG_ENABLE_OBJC_ARC = YES;
				CLANG_WARN_BOOL_CONVERSION = YES;
				CLANG_WARN_CONSTANT_CONVERSION = YES;
				CLANG_WARN_DIRECT_OBJC_ISA_USAGE = YES_ERROR;
				CLANG_WARN_EMPTY_BODY = YES;
				CLANG_WARN_ENUM_CONVERSION = YES;
				CLANG_WARN_INT_CONVERSION = YES;
				CLANG_WARN_OBJC_ROOT_CLASS = YES_ERROR;
				CLANG_WARN__DUPLICATE_METHOD_MATCH = YES;
				"CODE_SIGN_IDENTITY[sdk=iphoneos*]" = "iPhone Developer";
				COPY_PHASE_STRIP = NO;
				GCC_C_LANGUAGE_STANDARD = gnu99;
				GCC_DYNAMIC_NO_PIC = NO;
				GCC_OPTIMIZATION_LEVEL = 0;
				GCC_PREPROCESSOR_DEFINITIONS = (
					"DEBUG=1",
					"$(inherited)",
				);
				GCC_SYMBOLS_PRIVATE_EXTERN = NO;
				GCC_WARN_64_TO_32_BIT_CONVERSION = YES;
				GCC_WARN_ABOUT_RETURN_TYPE = YES_ERROR;
				GCC_WARN_UNDECLARED_SELECTOR = YES;
				GCC_WARN_UNINITIALIZED_AUTOS = YES;
				GCC_WARN_UNUSED_FUNCTION = YES;
				GCC_WARN_UNUSED_VARIABLE = YES;
				IPHONEOS_DEPLOYMENT_TARGET = 7.0;
				ONLY_ACTIVE_ARCH = YES;
				SDKROOT = iphoneos;
				TARGETED_DEVICE_FAMILY = "1,2";
			};
			name = Debug;
		};
		216A3D2B18BFB4E800B3881F /* Release */ = {
			isa = XCBuildConfiguration;
			buildSettings = {
				ALWAYS_SEARCH_USER_PATHS = NO;
				ARCHS = "$(ARCHS_STANDARD_INCLUDING_64_BIT)";
				CLANG_CXX_LANGUAGE_STANDARD = "gnu++0x";
				CLANG_CXX_LIBRARY = "libc++";
				CLANG_ENABLE_MODULES = YES;
				CLANG_ENABLE_OBJC_ARC = YES;
				CLANG_WARN_BOOL_CONVERSION = YES;
				CLANG_WARN_CONSTANT_CONVERSION = YES;
				CLANG_WARN_DIRECT_OBJC_ISA_USAGE = YES_ERROR;
				CLANG_WARN_EMPTY_BODY = YES;
				CLANG_WARN_ENUM_CONVERSION = YES;
				CLANG_WARN_INT_CONVERSION = YES;
				CLANG_WARN_OBJC_ROOT_CLASS = YES_ERROR;
				CLANG_WARN__DUPLICATE_METHOD_MATCH = YES;
				"CODE_SIGN_IDENTITY[sdk=iphoneos*]" = "iPhone Developer";
				COPY_PHASE_STRIP = YES;
				ENABLE_NS_ASSERTIONS = NO;
				GCC_C_LANGUAGE_STANDARD = gnu99;
				GCC_WARN_64_TO_32_BIT_CONVERSION = YES;
				GCC_WARN_ABOUT_RETURN_TYPE = YES_ERROR;
				GCC_WARN_UNDECLARED_SELECTOR = YES;
				GCC_WARN_UNINITIALIZED_AUTOS = YES;
				GCC_WARN_UNUSED_FUNCTION = YES;
				GCC_WARN_UNUSED_VARIABLE = YES;
				IPHONEOS_DEPLOYMENT_TARGET = 7.0;
				SDKROOT = iphoneos;
				TARGETED_DEVICE_FAMILY = "1,2";
				VALIDATE_PRODUCT = YES;
			};
			name = Release;
		};
		216A3D2D18BFB4E800B3881F /* Debug */ = {
			isa = XCBuildConfiguration;
			buildSettings = {
				ASSETCATALOG_COMPILER_APPICON_NAME = AppIcon;
				ASSETCATALOG_COMPILER_LAUNCHIMAGE_NAME = LaunchImage;
				GCC_PRECOMPILE_PREFIX_HEADER = YES;
				GCC_PREFIX_HEADER = "Projeto Semana 01/Projeto Semana 01-Prefix.pch";
				INFOPLIST_FILE = "Projeto Semana 01/Projeto Semana 01-Info.plist";
				PRODUCT_NAME = "$(TARGET_NAME)";
				WRAPPER_EXTENSION = app;
			};
			name = Debug;
		};
		216A3D2E18BFB4E800B3881F /* Release */ = {
			isa = XCBuildConfiguration;
			buildSettings = {
				ASSETCATALOG_COMPILER_APPICON_NAME = AppIcon;
				ASSETCATALOG_COMPILER_LAUNCHIMAGE_NAME = LaunchImage;
				GCC_PRECOMPILE_PREFIX_HEADER = YES;
				GCC_PREFIX_HEADER = "Projeto Semana 01/Projeto Semana 01-Prefix.pch";
				INFOPLIST_FILE = "Projeto Semana 01/Projeto Semana 01-Info.plist";
				PRODUCT_NAME = "$(TARGET_NAME)";
				WRAPPER_EXTENSION = app;
			};
			name = Release;
		};
		216A3D3018BFB4E800B3881F /* Debug */ = {
			isa = XCBuildConfiguration;
			buildSettings = {
				ARCHS = "$(ARCHS_STANDARD_INCLUDING_64_BIT)";
				BUNDLE_LOADER = "$(BUILT_PRODUCTS_DIR)/Projeto Semana 01.app/Projeto Semana 01";
				FRAMEWORK_SEARCH_PATHS = (
					"$(SDKROOT)/Developer/Library/Frameworks",
					"$(inherited)",
					"$(DEVELOPER_FRAMEWORKS_DIR)",
				);
				GCC_PRECOMPILE_PREFIX_HEADER = YES;
				GCC_PREFIX_HEADER = "Projeto Semana 01/Projeto Semana 01-Prefix.pch";
				GCC_PREPROCESSOR_DEFINITIONS = (
					"DEBUG=1",
					"$(inherited)",
				);
				INFOPLIST_FILE = "Projeto Semana 01Tests/Projeto Semana 01Tests-Info.plist";
				PRODUCT_NAME = "$(TARGET_NAME)";
				TEST_HOST = "$(BUNDLE_LOADER)";
				WRAPPER_EXTENSION = xctest;
			};
			name = Debug;
		};
		216A3D3118BFB4E800B3881F /* Release */ = {
			isa = XCBuildConfiguration;
			buildSettings = {
				ARCHS = "$(ARCHS_STANDARD_INCLUDING_64_BIT)";
				BUNDLE_LOADER = "$(BUILT_PRODUCTS_DIR)/Projeto Semana 01.app/Projeto Semana 01";
				FRAMEWORK_SEARCH_PATHS = (
					"$(SDKROOT)/Developer/Library/Frameworks",
					"$(inherited)",
					"$(DEVELOPER_FRAMEWORKS_DIR)",
				);
				GCC_PRECOMPILE_PREFIX_HEADER = YES;
				GCC_PREFIX_HEADER = "Projeto Semana 01/Projeto Semana 01-Prefix.pch";
				INFOPLIST_FILE = "Projeto Semana 01Tests/Projeto Semana 01Tests-Info.plist";
				PRODUCT_NAME = "$(TARGET_NAME)";
				TEST_HOST = "$(BUNDLE_LOADER)";
				WRAPPER_EXTENSION = xctest;
			};
			name = Release;
		};
/* End XCBuildConfiguration section */

/* Begin XCConfigurationList section */
		216A3CE918BFB4E700B3881F /* Build configuration list for PBXProject "Projeto Semana 01" */ = {
			isa = XCConfigurationList;
			buildConfigurations = (
				216A3D2A18BFB4E800B3881F /* Debug */,
				216A3D2B18BFB4E800B3881F /* Release */,
			);
			defaultConfigurationIsVisible = 0;
			defaultConfigurationName = Release;
		};
		216A3D2C18BFB4E800B3881F /* Build configuration list for PBXNativeTarget "Projeto Semana 01" */ = {
			isa = XCConfigurationList;
			buildConfigurations = (
				216A3D2D18BFB4E800B3881F /* Debug */,
				216A3D2E18BFB4E800B3881F /* Release */,
			);
			defaultConfigurationIsVisible = 0;
		};
		216A3D2F18BFB4E800B3881F /* Build configuration list for PBXNativeTarget "Projeto Semana 01Tests" */ = {
			isa = XCConfigurationList;
			buildConfigurations = (
				216A3D3018BFB4E800B3881F /* Debug */,
				216A3D3118BFB4E800B3881F /* Release */,
			);
			defaultConfigurationIsVisible = 0;
		};
/* End XCConfigurationList section */

/* Begin XCVersionGroup section */
		216A3D0B18BFB4E800B3881F /* Projeto_Semana_01.xcdatamodeld */ = {
			isa = XCVersionGroup;
			children = (
				216A3D0C18BFB4E800B3881F /* Projeto_Semana_01.xcdatamodel */,
			);
			currentVersion = 216A3D0C18BFB4E800B3881F /* Projeto_Semana_01.xcdatamodel */;
			path = Projeto_Semana_01.xcdatamodeld;
			sourceTree = "<group>";
			versionGroupType = wrapper.xcdatamodel;
		};
/* End XCVersionGroup section */
	};
	rootObject = 216A3CE618BFB4E700B3881F /* Project object */;
}
